Microsoft Visual Studio Solution File, Format Version 11.00
# Visual Studio 2008

Project("{8A3E169C-72E6-446A-6848-4C9809197464}") = "Around a Circle", "Assembly-CSharp.csproj", "{528E7F73-CD75-F135-5C46-72A5FD4DD58B}"
EndProject
Global
	GlobalSection(SolutionConfigurationPlatforms) = preSolution
		Debug|Any CPU = Debug|Any CPU
		Release|Any CPU = Release|Any CPU
	EndGlobalSection
	GlobalSection(ProjectConfigurationPlatforms) = postSolution
		{528E7F73-CD75-F135-5C46-72A5FD4DD58B}.Debug|Any CPU.ActiveCfg = Debug|Any CPU
		{528E7F73-CD75-F135-5C46-72A5FD4DD58B}.Debug|Any CPU.Build.0 = Debug|Any CPU
		{528E7F73-CD75-F135-5C46-72A5FD4DD58B}.Release|Any CPU.ActiveCfg = Release|Any CPU
		{528E7F73-CD75-F135-5C46-72A5FD4DD58B}.Release|Any CPU.Build.0 = Release|Any CPU
	EndGlobalSection
	GlobalSection(SolutionProperties) = preSolution
		HideSolutionNode = FALSE
	EndGlobalSection
			GlobalSection(MonoDevelopProperties) = preSolution
		StartupItem = Assembly-CSharp.csproj
		Policies = $0
		$0.TextStylePolicy = $1
		$1.inheritsSet = null
		$1.scope = text/x-csharp
		$0.CSharpFormattingPolicy = $2
		$2.inheritsSet = Mono
		$2.inheritsScope = text/x-csharp
		$2.scope = text/x-csharp
		$0.TextStylePolicy = $3
		$3.FileWidth = 120
		$3.TabWidth = 4
		$3.EolMarker = Unix
		$3.inheritsSet = Mono
		$3.inheritsScope = text/plain
		$3.scope = text/plain
	EndGlobalSection

EndGlobal
